// !$*UTF8*$!
{
	archiveVersion = 1;
	classes = {
	};
	objectVersion = 50;
	objects = {

/* Begin PBXBuildFile section */
		F713900C2162C87C002B158F /* AppDelegate.swift in Sources */ = {isa = PBXBuildFile; fileRef = F713900B2162C87C002B158F /* AppDelegate.swift */; };
		F713900E2162C87C002B158F /* SearchFormViewController.swift in Sources */ = {isa = PBXBuildFile; fileRef = F713900D2162C87C002B158F /* SearchFormViewController.swift */; };
		F71390112162C87C002B158F /* Main.storyboard in Resources */ = {isa = PBXBuildFile; fileRef = F713900F2162C87C002B158F /* Main.storyboard */; };
		F71390132162C87D002B158F /* Assets.xcassets in Resources */ = {isa = PBXBuildFile; fileRef = F71390122162C87D002B158F /* Assets.xcassets */; };
		F71390162162C87D002B158F /* LaunchScreen.storyboard in Resources */ = {isa = PBXBuildFile; fileRef = F71390142162C87D002B158F /* LaunchScreen.storyboard */; };
		F71390212162C87D002B158F /* SearchResultCollectionViewControllerTests.swift in Sources */ = {isa = PBXBuildFile; fileRef = F71390202162C87D002B158F /* SearchResultCollectionViewControllerTests.swift */; };
		F713902C2162C87D002B158F /* SearchFormUITests.swift in Sources */ = {isa = PBXBuildFile; fileRef = F713902B2162C87D002B158F /* SearchFormUITests.swift */; };
		F728C27B216330E000B97379 /* Api.swift in Sources */ = {isa = PBXBuildFile; fileRef = F728C27A216330E000B97379 /* Api.swift */; };
		F728C27D216332FB00B97379 /* Model.swift in Sources */ = {isa = PBXBuildFile; fileRef = F728C27C216332FB00B97379 /* Model.swift */; };
		F728C27F21634A8700B97379 /* SearchResultCollectionViewController.swift in Sources */ = {isa = PBXBuildFile; fileRef = F728C27E21634A8700B97379 /* SearchResultCollectionViewController.swift */; };
		F728C2B22163BF6600B97379 /* Siesta.framework in Frameworks */ = {isa = PBXBuildFile; fileRef = F728C28E2163BDBF00B97379 /* Siesta.framework */; };
		F728C2B32163BF6600B97379 /* SiestaUI.framework in Frameworks */ = {isa = PBXBuildFile; fileRef = F728C2962163BDBF00B97379 /* SiestaUI.framework */; };
		F728C2B42163BF7400B97379 /* Siesta.framework in CopyFiles */ = {isa = PBXBuildFile; fileRef = F728C28E2163BDBF00B97379 /* Siesta.framework */; settings = {ATTRIBUTES = (CodeSignOnCopy, RemoveHeadersOnCopy, ); }; };
		F728C2B52163BF7400B97379 /* SiestaUI.framework in CopyFiles */ = {isa = PBXBuildFile; fileRef = F728C2962163BDBF00B97379 /* SiestaUI.framework */; settings = {ATTRIBUTES = (CodeSignOnCopy, RemoveHeadersOnCopy, ); }; };
		F728C2B7216484E400B97379 /* SearchResultCollectionViewCell.swift in Sources */ = {isa = PBXBuildFile; fileRef = F728C2B6216484E400B97379 /* SearchResultCollectionViewCell.swift */; };
		F728C2BA2164932900B97379 /* SearchResultViewController.swift in Sources */ = {isa = PBXBuildFile; fileRef = F728C2B92164932900B97379 /* SearchResultViewController.swift */; };
		F728C2C42164A1FA00B97379 /* RealApiService.swift in Sources */ = {isa = PBXBuildFile; fileRef = F728C2C32164A1FA00B97379 /* RealApiService.swift */; };
		F758FDE22165FBC1008A0136 /* MockApiService.swift in Sources */ = {isa = PBXBuildFile; fileRef = F758FDE12165FBC1008A0136 /* MockApiService.swift */; };
/* End PBXBuildFile section */

/* Begin PBXContainerItemProxy section */
		F713901D2162C87D002B158F /* PBXContainerItemProxy */ = {
			isa = PBXContainerItemProxy;
			containerPortal = F71390002162C87C002B158F /* Project object */;
			proxyType = 1;
			remoteGlobalIDString = F71390072162C87C002B158F;
			remoteInfo = "giphy-sample-ios";
		};
		F71390282162C87D002B158F /* PBXContainerItemProxy */ = {
			isa = PBXContainerItemProxy;
			containerPortal = F71390002162C87C002B158F /* Project object */;
			proxyType = 1;
			remoteGlobalIDString = F71390072162C87C002B158F;
			remoteInfo = "giphy-sample-ios";
		};
		F728C28D2163BDBF00B97379 /* PBXContainerItemProxy */ = {
			isa = PBXContainerItemProxy;
			containerPortal = F728C2802163BDBF00B97379 /* Siesta.xcodeproj */;
			proxyType = 2;
			remoteGlobalIDString = DA336E4F1B2E6DDB006F702A;
			remoteInfo = "Siesta iOS";
		};
		F728C28F2163BDBF00B97379 /* PBXContainerItemProxy */ = {
			isa = PBXContainerItemProxy;
			containerPortal = F728C2802163BDBF00B97379 /* Siesta.xcodeproj */;
			proxyType = 2;
			remoteGlobalIDString = 9F2FB51E1C28645E0068DFFA;
			remoteInfo = "Siesta macOS";
		};
		F728C2912163BDBF00B97379 /* PBXContainerItemProxy */ = {
			isa = PBXContainerItemProxy;
			containerPortal = F728C2802163BDBF00B97379 /* Siesta.xcodeproj */;
			proxyType = 2;
			remoteGlobalIDString = CDCCAF651E6A313800860D18;
			remoteInfo = "Siesta watchOS";
		};
		F728C2932163BDBF00B97379 /* PBXContainerItemProxy */ = {
			isa = PBXContainerItemProxy;
			containerPortal = F728C2802163BDBF00B97379 /* Siesta.xcodeproj */;
			proxyType = 2;
			remoteGlobalIDString = CDCCAF721E6A31D900860D18;
			remoteInfo = "Siesta tvOS";
		};
		F728C2952163BDBF00B97379 /* PBXContainerItemProxy */ = {
			isa = PBXContainerItemProxy;
			containerPortal = F728C2802163BDBF00B97379 /* Siesta.xcodeproj */;
			proxyType = 2;
			remoteGlobalIDString = DAC0B3AA1D651CB500D25C44;
			remoteInfo = "SiestaUI iOS";
		};
		F728C2972163BDBF00B97379 /* PBXContainerItemProxy */ = {
			isa = PBXContainerItemProxy;
			containerPortal = F728C2802163BDBF00B97379 /* Siesta.xcodeproj */;
			proxyType = 2;
			remoteGlobalIDString = DAC0B3D61D651CC700D25C44;
			remoteInfo = "SiestaUI macOS";
		};
		F728C2992163BDBF00B97379 /* PBXContainerItemProxy */ = {
			isa = PBXContainerItemProxy;
			containerPortal = F728C2802163BDBF00B97379 /* Siesta.xcodeproj */;
			proxyType = 2;
			remoteGlobalIDString = DA336E591B2E6DDB006F702A;
			remoteInfo = "SiestaTests iOS";
		};
		F728C29B2163BDBF00B97379 /* PBXContainerItemProxy */ = {
			isa = PBXContainerItemProxy;
			containerPortal = F728C2802163BDBF00B97379 /* Siesta.xcodeproj */;
			proxyType = 2;
			remoteGlobalIDString = 9F0FAFAC1D033FCD00CE1B61;
			remoteInfo = "SiestaTests macOS";
		};
		F728C29D2163BDBF00B97379 /* PBXContainerItemProxy */ = {
			isa = PBXContainerItemProxy;
			containerPortal = F728C2802163BDBF00B97379 /* Siesta.xcodeproj */;
			proxyType = 2;
			remoteGlobalIDString = CDCCAF7A1E6A31DA00860D18;
			remoteInfo = "SiestaTests tvOS";
		};
		F728C29F2163BDBF00B97379 /* PBXContainerItemProxy */ = {
			isa = PBXContainerItemProxy;
			containerPortal = F728C2802163BDBF00B97379 /* Siesta.xcodeproj */;
			proxyType = 2;
			remoteGlobalIDString = DA19D06E1D9ADC1800D15F3A;
			remoteInfo = "SiestaPerformanceTests macOS";
		};
		F728C2A12163BDE300B97379 /* PBXContainerItemProxy */ = {
			isa = PBXContainerItemProxy;
			containerPortal = F728C2802163BDBF00B97379 /* Siesta.xcodeproj */;
			proxyType = 1;
			remoteGlobalIDString = DA336E4E1B2E6DDB006F702A;
			remoteInfo = "Siesta iOS";
		};
		F728C2A32163BDE300B97379 /* PBXContainerItemProxy */ = {
			isa = PBXContainerItemProxy;
			containerPortal = F728C2802163BDBF00B97379 /* Siesta.xcodeproj */;
			proxyType = 1;
			remoteGlobalIDString = DAC0B37D1D651CB500D25C44;
			remoteInfo = "SiestaUI iOS";
		};
/* End PBXContainerItemProxy section */

/* Begin PBXCopyFilesBuildPhase section */
		F728C2A52163BDF000B97379 /* CopyFiles */ = {
			isa = PBXCopyFilesBuildPhase;
			buildActionMask = 2147483647;
			dstPath = "";
			dstSubfolderSpec = 10;
			files = (
				F728C2B42163BF7400B97379 /* Siesta.framework in CopyFiles */,
				F728C2B52163BF7400B97379 /* SiestaUI.framework in CopyFiles */,
			);
			runOnlyForDeploymentPostprocessing = 0;
		};
/* End PBXCopyFilesBuildPhase section */

/* Begin PBXFileReference section */
		F71390082162C87C002B158F /* giphy-sample-ios.app */ = {isa = PBXFileReference; explicitFileType = wrapper.application; includeInIndex = 0; path = "giphy-sample-ios.app"; sourceTree = BUILT_PRODUCTS_DIR; };
		F713900B2162C87C002B158F /* AppDelegate.swift */ = {isa = PBXFileReference; lastKnownFileType = sourcecode.swift; path = AppDelegate.swift; sourceTree = "<group>"; };
		F713900D2162C87C002B158F /* SearchFormViewController.swift */ = {isa = PBXFileReference; lastKnownFileType = sourcecode.swift; path = SearchFormViewController.swift; sourceTree = "<group>"; };
		F71390102162C87C002B158F /* Base */ = {isa = PBXFileReference; lastKnownFileType = file.storyboard; name = Base; path = Base.lproj/Main.storyboard; sourceTree = "<group>"; };
		F71390122162C87D002B158F /* Assets.xcassets */ = {isa = PBXFileReference; lastKnownFileType = folder.assetcatalog; path = Assets.xcassets; sourceTree = "<group>"; };
		F71390152162C87D002B158F /* Base */ = {isa = PBXFileReference; lastKnownFileType = file.storyboard; name = Base; path = Base.lproj/LaunchScreen.storyboard; sourceTree = "<group>"; };
		F71390172162C87D002B158F /* Info.plist */ = {isa = PBXFileReference; lastKnownFileType = text.plist.xml; path = Info.plist; sourceTree = "<group>"; };
		F713901C2162C87D002B158F /* giphy-sample-iosTests.xctest */ = {isa = PBXFileReference; explicitFileType = wrapper.cfbundle; includeInIndex = 0; path = "giphy-sample-iosTests.xctest"; sourceTree = BUILT_PRODUCTS_DIR; };
		F71390202162C87D002B158F /* SearchResultCollectionViewControllerTests.swift */ = {isa = PBXFileReference; lastKnownFileType = sourcecode.swift; path = SearchResultCollectionViewControllerTests.swift; sourceTree = "<group>"; };
		F71390222162C87D002B158F /* Info.plist */ = {isa = PBXFileReference; lastKnownFileType = text.plist.xml; path = Info.plist; sourceTree = "<group>"; };
		F71390272162C87D002B158F /* giphy-sample-iosUITests.xctest */ = {isa = PBXFileReference; explicitFileType = wrapper.cfbundle; includeInIndex = 0; path = "giphy-sample-iosUITests.xctest"; sourceTree = BUILT_PRODUCTS_DIR; };
		F713902B2162C87D002B158F /* SearchFormUITests.swift */ = {isa = PBXFileReference; lastKnownFileType = sourcecode.swift; path = SearchFormUITests.swift; sourceTree = "<group>"; };
		F713902D2162C87D002B158F /* Info.plist */ = {isa = PBXFileReference; lastKnownFileType = text.plist.xml; path = Info.plist; sourceTree = "<group>"; };
		F728C27A216330E000B97379 /* Api.swift */ = {isa = PBXFileReference; lastKnownFileType = sourcecode.swift; path = Api.swift; sourceTree = "<group>"; };
		F728C27C216332FB00B97379 /* Model.swift */ = {isa = PBXFileReference; lastKnownFileType = sourcecode.swift; path = Model.swift; sourceTree = "<group>"; };
		F728C27E21634A8700B97379 /* SearchResultCollectionViewController.swift */ = {isa = PBXFileReference; lastKnownFileType = sourcecode.swift; path = SearchResultCollectionViewController.swift; sourceTree = "<group>"; };
		F728C2802163BDBF00B97379 /* Siesta.xcodeproj */ = {isa = PBXFileReference; lastKnownFileType = "wrapper.pb-project"; name = Siesta.xcodeproj; path = "Third-Party/Siesta/Siesta.xcodeproj"; sourceTree = "<group>"; };
		F728C2B6216484E400B97379 /* SearchResultCollectionViewCell.swift */ = {isa = PBXFileReference; lastKnownFileType = sourcecode.swift; path = SearchResultCollectionViewCell.swift; sourceTree = "<group>"; };
		F728C2B92164932900B97379 /* SearchResultViewController.swift */ = {isa = PBXFileReference; lastKnownFileType = sourcecode.swift; path = SearchResultViewController.swift; sourceTree = "<group>"; };
		F728C2C32164A1FA00B97379 /* RealApiService.swift */ = {isa = PBXFileReference; lastKnownFileType = sourcecode.swift; path = RealApiService.swift; sourceTree = "<group>"; };
		F758FDE12165FBC1008A0136 /* MockApiService.swift */ = {isa = PBXFileReference; lastKnownFileType = sourcecode.swift; path = MockApiService.swift; sourceTree = "<group>"; };
/* End PBXFileReference section */

/* Begin PBXFrameworksBuildPhase section */
		F71390052162C87C002B158F /* Frameworks */ = {
			isa = PBXFrameworksBuildPhase;
			buildActionMask = 2147483647;
			files = (
				F728C2B22163BF6600B97379 /* Siesta.framework in Frameworks */,
				F728C2B32163BF6600B97379 /* SiestaUI.framework in Frameworks */,
			);
			runOnlyForDeploymentPostprocessing = 0;
		};
		F71390192162C87D002B158F /* Frameworks */ = {
			isa = PBXFrameworksBuildPhase;
			buildActionMask = 2147483647;
			files = (
			);
			runOnlyForDeploymentPostprocessing = 0;
		};
		F71390242162C87D002B158F /* Frameworks */ = {
			isa = PBXFrameworksBuildPhase;
			buildActionMask = 2147483647;
			files = (
			);
			runOnlyForDeploymentPostprocessing = 0;
		};
/* End PBXFrameworksBuildPhase section */

/* Begin PBXGroup section */
		F7138FFF2162C87C002B158F = {
			isa = PBXGroup;
			children = (
				F713900A2162C87C002B158F /* giphy-sample-ios */,
				F713901F2162C87D002B158F /* giphy-sample-iosTests */,
				F713902A2162C87D002B158F /* giphy-sample-iosUITests */,
				F71390092162C87C002B158F /* Products */,
				F728C2802163BDBF00B97379 /* Siesta.xcodeproj */,
				F728C2B12163BF6600B97379 /* Frameworks */,
			);
			sourceTree = "<group>";
		};
		F71390092162C87C002B158F /* Products */ = {
			isa = PBXGroup;
			children = (
				F71390082162C87C002B158F /* giphy-sample-ios.app */,
				F713901C2162C87D002B158F /* giphy-sample-iosTests.xctest */,
				F71390272162C87D002B158F /* giphy-sample-iosUITests.xctest */,
			);
			name = Products;
			sourceTree = "<group>";
		};
		F713900A2162C87C002B158F /* giphy-sample-ios */ = {
			isa = PBXGroup;
			children = (
				F728C27A216330E000B97379 /* Api.swift */,
				F758FDE12165FBC1008A0136 /* MockApiService.swift */,
				F728C27C216332FB00B97379 /* Model.swift */,
				F713900B2162C87C002B158F /* AppDelegate.swift */,
				F713900D2162C87C002B158F /* SearchFormViewController.swift */,
				F728C27E21634A8700B97379 /* SearchResultCollectionViewController.swift */,
				F728C2B6216484E400B97379 /* SearchResultCollectionViewCell.swift */,
				F728C2B92164932900B97379 /* SearchResultViewController.swift */,
				F713900F2162C87C002B158F /* Main.storyboard */,
				F71390172162C87D002B158F /* Info.plist */,
				F71390122162C87D002B158F /* Assets.xcassets */,
				F71390142162C87D002B158F /* LaunchScreen.storyboard */,
				F728C2C32164A1FA00B97379 /* RealApiService.swift */,
			);
			path = "giphy-sample-ios";
			sourceTree = "<group>";
		};
		F713901F2162C87D002B158F /* giphy-sample-iosTests */ = {
			isa = PBXGroup;
			children = (
				F71390202162C87D002B158F /* SearchResultCollectionViewControllerTests.swift */,
				F71390222162C87D002B158F /* Info.plist */,
			);
			path = "giphy-sample-iosTests";
			sourceTree = "<group>";
		};
		F713902A2162C87D002B158F /* giphy-sample-iosUITests */ = {
			isa = PBXGroup;
			children = (
				F713902B2162C87D002B158F /* SearchFormUITests.swift */,
				F713902D2162C87D002B158F /* Info.plist */,
			);
			path = "giphy-sample-iosUITests";
			sourceTree = "<group>";
		};
		F728C2812163BDBF00B97379 /* Products */ = {
			isa = PBXGroup;
			children = (
				F728C28E2163BDBF00B97379 /* Siesta.framework */,
				F728C2902163BDBF00B97379 /* Siesta.framework */,
				F728C2922163BDBF00B97379 /* Siesta.framework */,
				F728C2942163BDBF00B97379 /* Siesta.framework */,
				F728C2962163BDBF00B97379 /* SiestaUI.framework */,
				F728C2982163BDBF00B97379 /* SiestaUI.framework */,
				F728C29A2163BDBF00B97379 /* SiestaTests.xctest */,
				F728C29C2163BDBF00B97379 /* SiestaTests.xctest */,
				F728C29E2163BDBF00B97379 /* SiestaTests tvOS.xctest */,
				F728C2A02163BDBF00B97379 /* SiestaPerformanceTests macOS.xctest */,
			);
			name = Products;
			sourceTree = "<group>";
		};
		F728C2B12163BF6600B97379 /* Frameworks */ = {
			isa = PBXGroup;
			children = (
			);
			name = Frameworks;
			sourceTree = "<group>";
		};
/* End PBXGroup section */

/* Begin PBXNativeTarget section */
		F71390072162C87C002B158F /* giphy-sample-ios */ = {
			isa = PBXNativeTarget;
			buildConfigurationList = F71390302162C87D002B158F /* Build configuration list for PBXNativeTarget "giphy-sample-ios" */;
			buildPhases = (
				F71390042162C87C002B158F /* Sources */,
				F71390052162C87C002B158F /* Frameworks */,
				F71390062162C87C002B158F /* Resources */,
				F728C2A52163BDF000B97379 /* CopyFiles */,
			);
			buildRules = (
			);
			dependencies = (
				F728C2A22163BDE300B97379 /* PBXTargetDependency */,
				F728C2A42163BDE300B97379 /* PBXTargetDependency */,
			);
			name = "giphy-sample-ios";
			productName = "giphy-sample-ios";
			productReference = F71390082162C87C002B158F /* giphy-sample-ios.app */;
			productType = "com.apple.product-type.application";
		};
		F713901B2162C87D002B158F /* giphy-sample-iosTests */ = {
			isa = PBXNativeTarget;
			buildConfigurationList = F71390332162C87D002B158F /* Build configuration list for PBXNativeTarget "giphy-sample-iosTests" */;
			buildPhases = (
				F71390182162C87D002B158F /* Sources */,
				F71390192162C87D002B158F /* Frameworks */,
				F713901A2162C87D002B158F /* Resources */,
			);
			buildRules = (
			);
			dependencies = (
				F713901E2162C87D002B158F /* PBXTargetDependency */,
			);
			name = "giphy-sample-iosTests";
			productName = "giphy-sample-iosTests";
			productReference = F713901C2162C87D002B158F /* giphy-sample-iosTests.xctest */;
			productType = "com.apple.product-type.bundle.unit-test";
		};
		F71390262162C87D002B158F /* giphy-sample-iosUITests */ = {
			isa = PBXNativeTarget;
			buildConfigurationList = F71390362162C87D002B158F /* Build configuration list for PBXNativeTarget "giphy-sample-iosUITests" */;
			buildPhases = (
				F71390232162C87D002B158F /* Sources */,
				F71390242162C87D002B158F /* Frameworks */,
				F71390252162C87D002B158F /* Resources */,
			);
			buildRules = (
			);
			dependencies = (
				F71390292162C87D002B158F /* PBXTargetDependency */,
			);
			name = "giphy-sample-iosUITests";
			productName = "giphy-sample-iosUITests";
			productReference = F71390272162C87D002B158F /* giphy-sample-iosUITests.xctest */;
			productType = "com.apple.product-type.bundle.ui-testing";
		};
/* End PBXNativeTarget section */

/* Begin PBXProject section */
		F71390002162C87C002B158F /* Project object */ = {
			isa = PBXProject;
			attributes = {
				LastSwiftUpdateCheck = 1000;
				LastUpgradeCheck = 1000;
				ORGANIZATIONNAME = Dondi;
				TargetAttributes = {
					F71390072162C87C002B158F = {
						CreatedOnToolsVersion = 10.0;
					};
					F713901B2162C87D002B158F = {
						CreatedOnToolsVersion = 10.0;
						TestTargetID = F71390072162C87C002B158F;
					};
					F71390262162C87D002B158F = {
						CreatedOnToolsVersion = 10.0;
						TestTargetID = F71390072162C87C002B158F;
					};
				};
			};
			buildConfigurationList = F71390032162C87C002B158F /* Build configuration list for PBXProject "giphy-sample-ios" */;
			compatibilityVersion = "Xcode 9.3";
			developmentRegion = en;
			hasScannedForEncodings = 0;
			knownRegions = (
				en,
				Base,
			);
			mainGroup = F7138FFF2162C87C002B158F;
			productRefGroup = F71390092162C87C002B158F /* Products */;
			projectDirPath = "";
			projectReferences = (
				{
					ProductGroup = F728C2812163BDBF00B97379 /* Products */;
					ProjectRef = F728C2802163BDBF00B97379 /* Siesta.xcodeproj */;
				},
			);
			projectRoot = "";
			targets = (
				F71390072162C87C002B158F /* giphy-sample-ios */,
				F713901B2162C87D002B158F /* giphy-sample-iosTests */,
				F71390262162C87D002B158F /* giphy-sample-iosUITests */,
			);
		};
/* End PBXProject section */

/* Begin PBXReferenceProxy section */
		F728C28E2163BDBF00B97379 /* Siesta.framework */ = {
			isa = PBXReferenceProxy;
			fileType = wrapper.framework;
			path = Siesta.framework;
			remoteRef = F728C28D2163BDBF00B97379 /* PBXContainerItemProxy */;
			sourceTree = BUILT_PRODUCTS_DIR;
		};
		F728C2902163BDBF00B97379 /* Siesta.framework */ = {
			isa = PBXReferenceProxy;
			fileType = wrapper.framework;
			path = Siesta.framework;
			remoteRef = F728C28F2163BDBF00B97379 /* PBXContainerItemProxy */;
			sourceTree = BUILT_PRODUCTS_DIR;
		};
		F728C2922163BDBF00B97379 /* Siesta.framework */ = {
			isa = PBXReferenceProxy;
			fileType = wrapper.framework;
			path = Siesta.framework;
			remoteRef = F728C2912163BDBF00B97379 /* PBXContainerItemProxy */;
			sourceTree = BUILT_PRODUCTS_DIR;
		};
		F728C2942163BDBF00B97379 /* Siesta.framework */ = {
			isa = PBXReferenceProxy;
			fileType = wrapper.framework;
			path = Siesta.framework;
			remoteRef = F728C2932163BDBF00B97379 /* PBXContainerItemProxy */;
			sourceTree = BUILT_PRODUCTS_DIR;
		};
		F728C2962163BDBF00B97379 /* SiestaUI.framework */ = {
			isa = PBXReferenceProxy;
			fileType = wrapper.framework;
			path = SiestaUI.framework;
			remoteRef = F728C2952163BDBF00B97379 /* PBXContainerItemProxy */;
			sourceTree = BUILT_PRODUCTS_DIR;
		};
		F728C2982163BDBF00B97379 /* SiestaUI.framework */ = {
			isa = PBXReferenceProxy;
			fileType = wrapper.framework;
			path = SiestaUI.framework;
			remoteRef = F728C2972163BDBF00B97379 /* PBXContainerItemProxy */;
			sourceTree = BUILT_PRODUCTS_DIR;
		};
		F728C29A2163BDBF00B97379 /* SiestaTests.xctest */ = {
			isa = PBXReferenceProxy;
			fileType = wrapper.cfbundle;
			path = SiestaTests.xctest;
			remoteRef = F728C2992163BDBF00B97379 /* PBXContainerItemProxy */;
			sourceTree = BUILT_PRODUCTS_DIR;
		};
		F728C29C2163BDBF00B97379 /* SiestaTests.xctest */ = {
			isa = PBXReferenceProxy;
			fileType = wrapper.cfbundle;
			path = SiestaTests.xctest;
			remoteRef = F728C29B2163BDBF00B97379 /* PBXContainerItemProxy */;
			sourceTree = BUILT_PRODUCTS_DIR;
		};
		F728C29E2163BDBF00B97379 /* SiestaTests tvOS.xctest */ = {
			isa = PBXReferenceProxy;
			fileType = wrapper.cfbundle;
			path = "SiestaTests tvOS.xctest";
			remoteRef = F728C29D2163BDBF00B97379 /* PBXContainerItemProxy */;
			sourceTree = BUILT_PRODUCTS_DIR;
		};
		F728C2A02163BDBF00B97379 /* SiestaPerformanceTests macOS.xctest */ = {
			isa = PBXReferenceProxy;
			fileType = wrapper.cfbundle;
			path = "SiestaPerformanceTests macOS.xctest";
			remoteRef = F728C29F2163BDBF00B97379 /* PBXContainerItemProxy */;
			sourceTree = BUILT_PRODUCTS_DIR;
		};
/* End PBXReferenceProxy section */

/* Begin PBXResourcesBuildPhase section */
		F71390062162C87C002B158F /* Resources */ = {
			isa = PBXResourcesBuildPhase;
			buildActionMask = 2147483647;
			files = (
				F71390162162C87D002B158F /* LaunchScreen.storyboard in Resources */,
				F71390132162C87D002B158F /* Assets.xcassets in Resources */,
				F71390112162C87C002B158F /* Main.storyboard in Resources */,
			);
			runOnlyForDeploymentPostprocessing = 0;
		};
		F713901A2162C87D002B158F /* Resources */ = {
			isa = PBXResourcesBuildPhase;
			buildActionMask = 2147483647;
			files = (
			);
			runOnlyForDeploymentPostprocessing = 0;
		};
		F71390252162C87D002B158F /* Resources */ = {
			isa = PBXResourcesBuildPhase;
			buildActionMask = 2147483647;
			files = (
			);
			runOnlyForDeploymentPostprocessing = 0;
		};
/* End PBXResourcesBuildPhase section */

/* Begin PBXSourcesBuildPhase section */
		F71390042162C87C002B158F /* Sources */ = {
			isa = PBXSourcesBuildPhase;
			buildActionMask = 2147483647;
			files = (
				F758FDE22165FBC1008A0136 /* MockApiService.swift in Sources */,
				F728C27B216330E000B97379 /* Api.swift in Sources */,
				F728C2BA2164932900B97379 /* SearchResultViewController.swift in Sources */,
				F728C2B7216484E400B97379 /* SearchResultCollectionViewCell.swift in Sources */,
				F728C27F21634A8700B97379 /* SearchResultCollectionViewController.swift in Sources */,
				F713900E2162C87C002B158F /* SearchFormViewController.swift in Sources */,
				F713900C2162C87C002B158F /* AppDelegate.swift in Sources */,
				F728C2C42164A1FA00B97379 /* RealApiService.swift in Sources */,
				F728C27D216332FB00B97379 /* Model.swift in Sources */,
			);
			runOnlyForDeploymentPostprocessing = 0;
		};
		F71390182162C87D002B158F /* Sources */ = {
			isa = PBXSourcesBuildPhase;
			buildActionMask = 2147483647;
			files = (
				F71390212162C87D002B158F /* SearchResultCollectionViewControllerTests.swift in Sources */,
			);
			runOnlyForDeploymentPostprocessing = 0;
		};
		F71390232162C87D002B158F /* Sources */ = {
			isa = PBXSourcesBuildPhase;
			buildActionMask = 2147483647;
			files = (
				F713902C2162C87D002B158F /* SearchFormUITests.swift in Sources */,
			);
			runOnlyForDeploymentPostprocessing = 0;
		};
/* End PBXSourcesBuildPhase section */

/* Begin PBXTargetDependency section */
		F713901E2162C87D002B158F /* PBXTargetDependency */ = {
			isa = PBXTargetDependency;
			target = F71390072162C87C002B158F /* giphy-sample-ios */;
			targetProxy = F713901D2162C87D002B158F /* PBXContainerItemProxy */;
		};
		F71390292162C87D002B158F /* PBXTargetDependency */ = {
			isa = PBXTargetDependency;
			target = F71390072162C87C002B158F /* giphy-sample-ios */;
			targetProxy = F71390282162C87D002B158F /* PBXContainerItemProxy */;
		};
		F728C2A22163BDE300B97379 /* PBXTargetDependency */ = {
			isa = PBXTargetDependency;
			name = "Siesta iOS";
			targetProxy = F728C2A12163BDE300B97379 /* PBXContainerItemProxy */;
		};
		F728C2A42163BDE300B97379 /* PBXTargetDependency */ = {
			isa = PBXTargetDependency;
			name = "SiestaUI iOS";
			targetProxy = F728C2A32163BDE300B97379 /* PBXContainerItemProxy */;
		};
/* End PBXTargetDependency section */

/* Begin PBXVariantGroup section */
		F713900F2162C87C002B158F /* Main.storyboard */ = {
			isa = PBXVariantGroup;
			children = (
				F71390102162C87C002B158F /* Base */,
			);
			name = Main.storyboard;
			sourceTree = "<group>";
		};
		F71390142162C87D002B158F /* LaunchScreen.storyboard */ = {
			isa = PBXVariantGroup;
			children = (
				F71390152162C87D002B158F /* Base */,
			);
			name = LaunchScreen.storyboard;
			sourceTree = "<group>";
		};
/* End PBXVariantGroup section */

/* Begin XCBuildConfiguration section */
		F713902E2162C87D002B158F /* Debug */ = {
			isa = XCBuildConfiguration;
			buildSettings = {
				ALWAYS_SEARCH_USER_PATHS = NO;
				CLANG_ANALYZER_NONNULL = YES;
				CLANG_ANALYZER_NUMBER_OBJECT_CONVERSION = YES_AGGRESSIVE;
				CLANG_CXX_LANGUAGE_STANDARD = "gnu++14";
				CLANG_CXX_LIBRARY = "libc++";
				CLANG_ENABLE_MODULES = YES;
				CLANG_ENABLE_OBJC_ARC = YES;
				CLANG_ENABLE_OBJC_WEAK = YES;
				CLANG_WARN_BLOCK_CAPTURE_AUTORELEASING = YES;
				CLANG_WARN_BOOL_CONVERSION = YES;
				CLANG_WARN_COMMA = YES;
				CLANG_WARN_CONSTANT_CONVERSION = YES;
				CLANG_WARN_DEPRECATED_OBJC_IMPLEMENTATIONS = YES;
				CLANG_WARN_DIRECT_OBJC_ISA_USAGE = YES_ERROR;
				CLANG_WARN_DOCUMENTATION_COMMENTS = YES;
				CLANG_WARN_EMPTY_BODY = YES;
				CLANG_WARN_ENUM_CONVERSION = YES;
				CLANG_WARN_INFINITE_RECURSION = YES;
				CLANG_WARN_INT_CONVERSION = YES;
				CLANG_WARN_NON_LITERAL_NULL_CONVERSION = YES;
				CLANG_WARN_OBJC_IMPLICIT_RETAIN_SELF = YES;
				CLANG_WARN_OBJC_LITERAL_CONVERSION = YES;
				CLANG_WARN_OBJC_ROOT_CLASS = YES_ERROR;
				CLANG_WARN_RANGE_LOOP_ANALYSIS = YES;
				CLANG_WARN_STRICT_PROTOTYPES = YES;
				CLANG_WARN_SUSPICIOUS_MOVE = YES;
				CLANG_WARN_UNGUARDED_AVAILABILITY = YES_AGGRESSIVE;
				CLANG_WARN_UNREACHABLE_CODE = YES;
				CLANG_WARN__DUPLICATE_METHOD_MATCH = YES;
				CODE_SIGN_IDENTITY = "iPhone Developer";
				COPY_PHASE_STRIP = NO;
				DEBUG_INFORMATION_FORMAT = dwarf;
				ENABLE_STRICT_OBJC_MSGSEND = YES;
				ENABLE_TESTABILITY = YES;
				GCC_C_LANGUAGE_STANDARD = gnu11;
				GCC_DYNAMIC_NO_PIC = NO;
				GCC_NO_COMMON_BLOCKS = YES;
				GCC_OPTIMIZATION_LEVEL = 0;
				GCC_PREPROCESSOR_DEFINITIONS = (
					"DEBUG=1",
					"$(inherited)",
				);
				GCC_WARN_64_TO_32_BIT_CONVERSION = YES;
				GCC_WARN_ABOUT_RETURN_TYPE = YES_ERROR;
				GCC_WARN_UNDECLARED_SELECTOR = YES;
				GCC_WARN_UNINITIALIZED_AUTOS = YES_AGGRESSIVE;
				GCC_WARN_UNUSED_FUNCTION = YES;
				GCC_WARN_UNUSED_VARIABLE = YES;
				IPHONEOS_DEPLOYMENT_TARGET = 12.0;
				MTL_ENABLE_DEBUG_INFO = INCLUDE_SOURCE;
				MTL_FAST_MATH = YES;
				ONLY_ACTIVE_ARCH = YES;
				SDKROOT = iphoneos;
				SWIFT_ACTIVE_COMPILATION_CONDITIONS = DEBUG;
				SWIFT_OPTIMIZATION_LEVEL = "-Onone";
			};
			name = Debug;
		};
		F713902F2162C87D002B158F /* Release */ = {
			isa = XCBuildConfiguration;
			buildSettings = {
				ALWAYS_SEARCH_USER_PATHS = NO;
				CLANG_ANALYZER_NONNULL = YES;
				CLANG_ANALYZER_NUMBER_OBJECT_CONVERSION = YES_AGGRESSIVE;
				CLANG_CXX_LANGUAGE_STANDARD = "gnu++14";
				CLANG_CXX_LIBRARY = "libc++";
				CLANG_ENABLE_MODULES = YES;
				CLANG_ENABLE_OBJC_ARC = YES;
				CLANG_ENABLE_OBJC_WEAK = YES;
				CLANG_WARN_BLOCK_CAPTURE_AUTORELEASING = YES;
				CLANG_WARN_BOOL_CONVERSION = YES;
				CLANG_WARN_COMMA = YES;
				CLANG_WARN_CONSTANT_CONVERSION = YES;
				CLANG_WARN_DEPRECATED_OBJC_IMPLEMENTATIONS = YES;
				CLANG_WARN_DIRECT_OBJC_ISA_USAGE = YES_ERROR;
				CLANG_WARN_DOCUMENTATION_COMMENTS = YES;
				CLANG_WARN_EMPTY_BODY = YES;
				CLANG_WARN_ENUM_CONVERSION = YES;
				CLANG_WARN_INFINITE_RECURSION = YES;
				CLANG_WARN_INT_CONVERSION = YES;
				CLANG_WARN_NON_LITERAL_NULL_CONVERSION = YES;
				CLANG_WARN_OBJC_IMPLICIT_RETAIN_SELF = YES;
				CLANG_WARN_OBJC_LITERAL_CONVERSION = YES;
				CLANG_WARN_OBJC_ROOT_CLASS = YES_ERROR;
				CLANG_WARN_RANGE_LOOP_ANALYSIS = YES;
				CLANG_WARN_STRICT_PROTOTYPES = YES;
				CLANG_WARN_SUSPICIOUS_MOVE = YES;
				CLANG_WARN_UNGUARDED_AVAILABILITY = YES_AGGRESSIVE;
				CLANG_WARN_UNREACHABLE_CODE = YES;
				CLANG_WARN__DUPLICATE_METHOD_MATCH = YES;
				CODE_SIGN_IDENTITY = "iPhone Developer";
				COPY_PHASE_STRIP = NO;
				DEBUG_INFORMATION_FORMAT = "dwarf-with-dsym";
				ENABLE_NS_ASSERTIONS = NO;
				ENABLE_STRICT_OBJC_MSGSEND = YES;
				GCC_C_LANGUAGE_STANDARD = gnu11;
				GCC_NO_COMMON_BLOCKS = YES;
				GCC_WARN_64_TO_32_BIT_CONVERSION = YES;
				GCC_WARN_ABOUT_RETURN_TYPE = YES_ERROR;
				GCC_WARN_UNDECLARED_SELECTOR = YES;
				GCC_WARN_UNINITIALIZED_AUTOS = YES_AGGRESSIVE;
				GCC_WARN_UNUSED_FUNCTION = YES;
				GCC_WARN_UNUSED_VARIABLE = YES;
				IPHONEOS_DEPLOYMENT_TARGET = 12.0;
				MTL_ENABLE_DEBUG_INFO = NO;
				MTL_FAST_MATH = YES;
				SDKROOT = iphoneos;
				SWIFT_COMPILATION_MODE = wholemodule;
				SWIFT_OPTIMIZATION_LEVEL = "-O";
				VALIDATE_PRODUCT = YES;
			};
			name = Release;
		};
		F71390312162C87D002B158F /* Debug */ = {
			isa = XCBuildConfiguration;
			buildSettings = {
				ASSETCATALOG_COMPILER_APPICON_NAME = AppIcon;
				CODE_SIGN_STYLE = Automatic;
				DEVELOPMENT_TEAM = 3CWQTF6K7P;
				INFOPLIST_FILE = "giphy-sample-ios/Info.plist";
				LD_RUNPATH_SEARCH_PATHS = (
					"$(inherited)",
					"@executable_path/Frameworks",
				);
				PRODUCT_BUNDLE_IDENTIFIER = "edu.lmu.giphy-sample-ios";
				PRODUCT_NAME = "$(TARGET_NAME)";
				SWIFT_VERSION = 4.2;
				TARGETED_DEVICE_FAMILY = "1,2";
			};
			name = Debug;
		};
		F71390322162C87D002B158F /* Release */ = {
			isa = XCBuildConfiguration;
			buildSettings = {
				ASSETCATALOG_COMPILER_APPICON_NAME = AppIcon;
				CODE_SIGN_STYLE = Automatic;
				DEVELOPMENT_TEAM = 3CWQTF6K7P;
				INFOPLIST_FILE = "giphy-sample-ios/Info.plist";
				LD_RUNPATH_SEARCH_PATHS = (
					"$(inherited)",
					"@executable_path/Frameworks",
				);
				PRODUCT_BUNDLE_IDENTIFIER = "edu.lmu.giphy-sample-ios";
				PRODUCT_NAME = "$(TARGET_NAME)";
				SWIFT_VERSION = 4.2;
				TARGETED_DEVICE_FAMILY = "1,2";
			};
			name = Release;
		};
		F71390342162C87D002B158F /* Debug */ = {
			isa = XCBuildConfiguration;
			buildSettings = {
				ALWAYS_EMBED_SWIFT_STANDARD_LIBRARIES = YES;
				BUNDLE_LOADER = "$(TEST_HOST)";
				CODE_SIGN_STYLE = Automatic;
				DEVELOPMENT_TEAM = 3CWQTF6K7P;
				INFOPLIST_FILE = "giphy-sample-iosTests/Info.plist";
				LD_RUNPATH_SEARCH_PATHS = (
					"$(inherited)",
					"@executable_path/Frameworks",
					"@loader_path/Frameworks",
				);
				PRODUCT_BUNDLE_IDENTIFIER = "edu.lmu.giphy-sample-iosTests";
				PRODUCT_NAME = "$(TARGET_NAME)";
				SWIFT_VERSION = 4.2;
				TARGETED_DEVICE_FAMILY = "1,2";
				TEST_HOST = "$(BUILT_PRODUCTS_DIR)/giphy-sample-ios.app/giphy-sample-ios";
			};
			name = Debug;
		};
		F71390352162C87D002B158F /* Release */ = {
			isa = XCBuildConfiguration;
			buildSettings = {
				ALWAYS_EMBED_SWIFT_STANDARD_LIBRARIES = YES;
				BUNDLE_LOADER = "$(TEST_HOST)";
				CODE_SIGN_STYLE = Automatic;
				DEVELOPMENT_TEAM = 3CWQTF6K7P;
				INFOPLIST_FILE = "giphy-sample-iosTests/Info.plist";
				LD_RUNPATH_SEARCH_PATHS = (
					"$(inherited)",
					"@executable_path/Frameworks",
					"@loader_path/Frameworks",
				);
				PRODUCT_BUNDLE_IDENTIFIER = "edu.lmu.giphy-sample-iosTests";
				PRODUCT_NAME = "$(TARGET_NAME)";
				SWIFT_VERSION = 4.2;
				TARGETED_DEVICE_FAMILY = "1,2";
				TEST_HOST = "$(BUILT_PRODUCTS_DIR)/giphy-sample-ios.app/giphy-sample-ios";
			};
			name = Release;
		};
		F71390372162C87D002B158F /* Debug */ = {
			isa = XCBuildConfiguration;
			buildSettings = {
				ALWAYS_EMBED_SWIFT_STANDARD_LIBRARIES = YES;
				CODE_SIGN_STYLE = Automatic;
				DEVELOPMENT_TEAM = 3CWQTF6K7P;
				INFOPLIST_FILE = "giphy-sample-iosUITests/Info.plist";
				LD_RUNPATH_SEARCH_PATHS = (
					"$(inherited)",
					"@executable_path/Frameworks",
					"@loader_path/Frameworks",
				);
				PRODUCT_BUNDLE_IDENTIFIER = "edu.lmu.giphy-sample-iosUITests";
				PRODUCT_NAME = "$(TARGET_NAME)";
				SWIFT_VERSION = 4.2;
				TARGETED_DEVICE_FAMILY = "1,2";
				TEST_TARGET_NAME = "giphy-sample-ios";
			};
			name = Debug;
		};
		F71390382162C87D002B158F /* Release */ = {
			isa = XCBuildConfiguration;
			buildSettings = {
				ALWAYS_EMBED_SWIFT_STANDARD_LIBRARIES = YES;
				CODE_SIGN_STYLE = Automatic;
				DEVELOPMENT_TEAM = 3CWQTF6K7P;
				INFOPLIST_FILE = "giphy-sample-iosUITests/Info.plist";
				LD_RUNPATH_SEARCH_PATHS = (
					"$(inherited)",
					"@executable_path/Frameworks",
					"@loader_path/Frameworks",
				);
				PRODUCT_BUNDLE_IDENTIFIER = "edu.lmu.giphy-sample-iosUITests";
				PRODUCT_NAME = "$(TARGET_NAME)";
				SWIFT_VERSION = 4.2;
				TARGETED_DEVICE_FAMILY = "1,2";
				TEST_TARGET_NAME = "giphy-sample-ios";
			};
			name = Release;
		};
/* End XCBuildConfiguration section */

/* Begin XCConfigurationList section */
		F71390032162C87C002B158F /* Build configuration list for PBXProject "giphy-sample-ios" */ = {
			isa = XCConfigurationList;
			buildConfigurations = (
				F713902E2162C87D002B158F /* Debug */,
				F713902F2162C87D002B158F /* Release */,
			);
			defaultConfigurationIsVisible = 0;
			defaultConfigurationName = Release;
		};
		F71390302162C87D002B158F /* Build configuration list for PBXNativeTarget "giphy-sample-ios" */ = {
			isa = XCConfigurationList;
			buildConfigurations = (
				F71390312162C87D002B158F /* Debug */,
				F71390322162C87D002B158F /* Release */,
			);
			defaultConfigurationIsVisible = 0;
			defaultConfigurationName = Release;
		};
		F71390332162C87D002B158F /* Build configuration list for PBXNativeTarget "giphy-sample-iosTests" */ = {
			isa = XCConfigurationList;
			buildConfigurations = (
				F71390342162C87D002B158F /* Debug */,
				F71390352162C87D002B158F /* Release */,
			);
			defaultConfigurationIsVisible = 0;
			defaultConfigurationName = Release;
		};
		F71390362162C87D002B158F /* Build configuration list for PBXNativeTarget "giphy-sample-iosUITests" */ = {
			isa = XCConfigurationList;
			buildConfigurations = (
				F71390372162C87D002B158F /* Debug */,
				F71390382162C87D002B158F /* Release */,
			);
			defaultConfigurationIsVisible = 0;
			defaultConfigurationName = Release;
		};
/* End XCConfigurationList section */
	};
	rootObject = F71390002162C87C002B158F /* Project object */;
}
